// !$*UTF8*$!
{
	archiveVersion = 1;
	classes = {
	};
	objectVersion = 56;
	objects = {

/* Begin PBXBuildFile section */
		4B7E09C429C8F37B00377AF4 /* DubDubGrubApp.swift in Sources */ = {isa = PBXBuildFile; fileRef = 4B7E09C329C8F37B00377AF4 /* DubDubGrubApp.swift */; };
		4B7E09C829C8F37C00377AF4 /* Assets.xcassets in Resources */ = {isa = PBXBuildFile; fileRef = 4B7E09C729C8F37C00377AF4 /* Assets.xcassets */; };
		4B7E09CB29C8F37C00377AF4 /* Preview Assets.xcassets in Resources */ = {isa = PBXBuildFile; fileRef = 4B7E09CA29C8F37C00377AF4 /* Preview Assets.xcassets */; };
		4B7E09D329C8F62000377AF4 /* Color+.swift in Sources */ = {isa = PBXBuildFile; fileRef = 4B7E09D229C8F62000377AF4 /* Color+.swift */; };
		4B7E09D529C8F69A00377AF4 /* AppTabView.swift in Sources */ = {isa = PBXBuildFile; fileRef = 4B7E09D429C8F69A00377AF4 /* AppTabView.swift */; };
		4B7E09D729C8F6F100377AF4 /* LocationMapView.swift in Sources */ = {isa = PBXBuildFile; fileRef = 4B7E09D629C8F6F100377AF4 /* LocationMapView.swift */; };
		4B7E09D929C8F70C00377AF4 /* LocationListView.swift in Sources */ = {isa = PBXBuildFile; fileRef = 4B7E09D829C8F70C00377AF4 /* LocationListView.swift */; };
		4B7E09DB29C8F71C00377AF4 /* ProfileView.swift in Sources */ = {isa = PBXBuildFile; fileRef = 4B7E09DA29C8F71C00377AF4 /* ProfileView.swift */; };
		4B7E09E429C9E93800377AF4 /* LocationDetailView.swift in Sources */ = {isa = PBXBuildFile; fileRef = 4B7E09E329C9E93800377AF4 /* LocationDetailView.swift */; };
		4B7E09E629CA327B00377AF4 /* LocationCell.swift in Sources */ = {isa = PBXBuildFile; fileRef = 4B7E09E529CA327B00377AF4 /* LocationCell.swift */; };
		4B7E09E829CA32A800377AF4 /* AvatarView.swift in Sources */ = {isa = PBXBuildFile; fileRef = 4B7E09E729CA32A800377AF4 /* AvatarView.swift */; };
		4B7E09EA29CA34E400377AF4 /* CustomModifier.swift in Sources */ = {isa = PBXBuildFile; fileRef = 4B7E09E929CA34E400377AF4 /* CustomModifier.swift */; };
		4B7E09EC29CA351700377AF4 /* View+.swift in Sources */ = {isa = PBXBuildFile; fileRef = 4B7E09EB29CA351700377AF4 /* View+.swift */; };
		4B7E09EE29CA35F300377AF4 /* DDGButton.swift in Sources */ = {isa = PBXBuildFile; fileRef = 4B7E09ED29CA35F300377AF4 /* DDGButton.swift */; };
		4BDD125729CA51E1001A0218 /* DDGLocation.swift in Sources */ = {isa = PBXBuildFile; fileRef = 4BDD125629CA51E1001A0218 /* DDGLocation.swift */; };
		4BDD125929CC8830001A0218 /* DDGProfile.swift in Sources */ = {isa = PBXBuildFile; fileRef = 4BDD125829CC8830001A0218 /* DDGProfile.swift */; };
		4BDD125B29CC89CE001A0218 /* MockData.swift in Sources */ = {isa = PBXBuildFile; fileRef = 4BDD125A29CC89CE001A0218 /* MockData.swift */; };
		4BDD125E29CC9AA3001A0218 /* CloudKitManager.swift in Sources */ = {isa = PBXBuildFile; fileRef = 4BDD125D29CC9AA3001A0218 /* CloudKitManager.swift */; };
		4BDD126029CC9BBA001A0218 /* Constants.swift in Sources */ = {isa = PBXBuildFile; fileRef = 4BDD125F29CC9BBA001A0218 /* Constants.swift */; };
		4BDD126229CC9EAE001A0218 /* CKRecord+.swift in Sources */ = {isa = PBXBuildFile; fileRef = 4BDD126129CC9EAE001A0218 /* CKRecord+.swift */; };
		4BDD126429CCB5B1001A0218 /* AlertItem.swift in Sources */ = {isa = PBXBuildFile; fileRef = 4BDD126329CCB5B1001A0218 /* AlertItem.swift */; };
		4BDD126729CCB94E001A0218 /* LocationMapViewModel.swift in Sources */ = {isa = PBXBuildFile; fileRef = 4BDD126629CCB94E001A0218 /* LocationMapViewModel.swift */; };
		4BDD126A29CCBC4E001A0218 /* LocationManager.swift in Sources */ = {isa = PBXBuildFile; fileRef = 4BDD126929CCBC4E001A0218 /* LocationManager.swift */; };
		4BDD126C29CCCB06001A0218 /* CKAsset+.swift in Sources */ = {isa = PBXBuildFile; fileRef = 4BDD126B29CCCB06001A0218 /* CKAsset+.swift */; };
/* End PBXBuildFile section */

/* Begin PBXFileReference section */
		4B7E09C029C8F37B00377AF4 /* DubDubGrub.app */ = {isa = PBXFileReference; explicitFileType = wrapper.application; includeInIndex = 0; path = DubDubGrub.app; sourceTree = BUILT_PRODUCTS_DIR; };
		4B7E09C329C8F37B00377AF4 /* DubDubGrubApp.swift */ = {isa = PBXFileReference; lastKnownFileType = sourcecode.swift; path = DubDubGrubApp.swift; sourceTree = "<group>"; };
		4B7E09C729C8F37C00377AF4 /* Assets.xcassets */ = {isa = PBXFileReference; lastKnownFileType = folder.assetcatalog; path = Assets.xcassets; sourceTree = "<group>"; };
		4B7E09CA29C8F37C00377AF4 /* Preview Assets.xcassets */ = {isa = PBXFileReference; lastKnownFileType = folder.assetcatalog; path = "Preview Assets.xcassets"; sourceTree = "<group>"; };
		4B7E09D129C8F3CD00377AF4 /* DubDubGrub.entitlements */ = {isa = PBXFileReference; lastKnownFileType = text.plist.entitlements; path = DubDubGrub.entitlements; sourceTree = "<group>"; };
		4B7E09D229C8F62000377AF4 /* Color+.swift */ = {isa = PBXFileReference; lastKnownFileType = sourcecode.swift; path = "Color+.swift"; sourceTree = "<group>"; };
		4B7E09D429C8F69A00377AF4 /* AppTabView.swift */ = {isa = PBXFileReference; lastKnownFileType = sourcecode.swift; path = AppTabView.swift; sourceTree = "<group>"; };
		4B7E09D629C8F6F100377AF4 /* LocationMapView.swift */ = {isa = PBXFileReference; lastKnownFileType = sourcecode.swift; path = LocationMapView.swift; sourceTree = "<group>"; };
		4B7E09D829C8F70C00377AF4 /* LocationListView.swift */ = {isa = PBXFileReference; lastKnownFileType = sourcecode.swift; path = LocationListView.swift; sourceTree = "<group>"; };
		4B7E09DA29C8F71C00377AF4 /* ProfileView.swift */ = {isa = PBXFileReference; lastKnownFileType = sourcecode.swift; path = ProfileView.swift; sourceTree = "<group>"; };
		4B7E09E329C9E93800377AF4 /* LocationDetailView.swift */ = {isa = PBXFileReference; lastKnownFileType = sourcecode.swift; path = LocationDetailView.swift; sourceTree = "<group>"; };
		4B7E09E529CA327B00377AF4 /* LocationCell.swift */ = {isa = PBXFileReference; lastKnownFileType = sourcecode.swift; path = LocationCell.swift; sourceTree = "<group>"; };
		4B7E09E729CA32A800377AF4 /* AvatarView.swift */ = {isa = PBXFileReference; lastKnownFileType = sourcecode.swift; path = AvatarView.swift; sourceTree = "<group>"; };
		4B7E09E929CA34E400377AF4 /* CustomModifier.swift */ = {isa = PBXFileReference; lastKnownFileType = sourcecode.swift; path = CustomModifier.swift; sourceTree = "<group>"; };
		4B7E09EB29CA351700377AF4 /* View+.swift */ = {isa = PBXFileReference; lastKnownFileType = sourcecode.swift; path = "View+.swift"; sourceTree = "<group>"; };
		4B7E09ED29CA35F300377AF4 /* DDGButton.swift */ = {isa = PBXFileReference; lastKnownFileType = sourcecode.swift; path = DDGButton.swift; sourceTree = "<group>"; };
		4BDD125629CA51E1001A0218 /* DDGLocation.swift */ = {isa = PBXFileReference; lastKnownFileType = sourcecode.swift; path = DDGLocation.swift; sourceTree = "<group>"; };
		4BDD125829CC8830001A0218 /* DDGProfile.swift */ = {isa = PBXFileReference; lastKnownFileType = sourcecode.swift; path = DDGProfile.swift; sourceTree = "<group>"; };
		4BDD125A29CC89CE001A0218 /* MockData.swift */ = {isa = PBXFileReference; lastKnownFileType = sourcecode.swift; path = MockData.swift; sourceTree = "<group>"; };
		4BDD125D29CC9AA3001A0218 /* CloudKitManager.swift */ = {isa = PBXFileReference; lastKnownFileType = sourcecode.swift; path = CloudKitManager.swift; sourceTree = "<group>"; };
		4BDD125F29CC9BBA001A0218 /* Constants.swift */ = {isa = PBXFileReference; lastKnownFileType = sourcecode.swift; path = Constants.swift; sourceTree = "<group>"; };
		4BDD126129CC9EAE001A0218 /* CKRecord+.swift */ = {isa = PBXFileReference; lastKnownFileType = sourcecode.swift; path = "CKRecord+.swift"; sourceTree = "<group>"; };
		4BDD126329CCB5B1001A0218 /* AlertItem.swift */ = {isa = PBXFileReference; lastKnownFileType = sourcecode.swift; path = AlertItem.swift; sourceTree = "<group>"; };
		4BDD126629CCB94E001A0218 /* LocationMapViewModel.swift */ = {isa = PBXFileReference; lastKnownFileType = sourcecode.swift; path = LocationMapViewModel.swift; sourceTree = "<group>"; };
		4BDD126929CCBC4E001A0218 /* LocationManager.swift */ = {isa = PBXFileReference; lastKnownFileType = sourcecode.swift; path = LocationManager.swift; sourceTree = "<group>"; };
		4BDD126B29CCCB06001A0218 /* CKAsset+.swift */ = {isa = PBXFileReference; lastKnownFileType = sourcecode.swift; path = "CKAsset+.swift"; sourceTree = "<group>"; };
/* End PBXFileReference section */

/* Begin PBXFrameworksBuildPhase section */
		4B7E09BD29C8F37B00377AF4 /* Frameworks */ = {
			isa = PBXFrameworksBuildPhase;
			buildActionMask = 2147483647;
			files = (
			);
			runOnlyForDeploymentPostprocessing = 0;
		};
/* End PBXFrameworksBuildPhase section */

/* Begin PBXGroup section */
		4B7E09B729C8F37B00377AF4 = {
			isa = PBXGroup;
			children = (
				4B7E09C229C8F37B00377AF4 /* DubDubGrub */,
				4B7E09C129C8F37B00377AF4 /* Products */,
			);
			sourceTree = "<group>";
		};
		4B7E09C129C8F37B00377AF4 /* Products */ = {
			isa = PBXGroup;
			children = (
				4B7E09C029C8F37B00377AF4 /* DubDubGrub.app */,
			);
			name = Products;
			sourceTree = "<group>";
		};
		4B7E09C229C8F37B00377AF4 /* DubDubGrub */ = {
			isa = PBXGroup;
			children = (
				4BDD125C29CC9A72001A0218 /* Utilities */,
				4BDD125529CA51D5001A0218 /* Model */,
				4B7E09F029CA372C00377AF4 /* Views */,
				4B7E09D129C8F3CD00377AF4 /* DubDubGrub.entitlements */,
				4B7E09C329C8F37B00377AF4 /* DubDubGrubApp.swift */,
				4B7E09C729C8F37C00377AF4 /* Assets.xcassets */,
				4B7E09C929C8F37C00377AF4 /* Preview Content */,
			);
			path = DubDubGrub;
			sourceTree = "<group>";
		};
		4B7E09C929C8F37C00377AF4 /* Preview Content */ = {
			isa = PBXGroup;
			children = (
				4B7E09CA29C8F37C00377AF4 /* Preview Assets.xcassets */,
			);
			path = "Preview Content";
			sourceTree = "<group>";
		};
		4B7E09EF29CA371600377AF4 /* Extensions */ = {
			isa = PBXGroup;
			children = (
				4B7E09EB29CA351700377AF4 /* View+.swift */,
				4B7E09D229C8F62000377AF4 /* Color+.swift */,
				4BDD126129CC9EAE001A0218 /* CKRecord+.swift */,
				4BDD126B29CCCB06001A0218 /* CKAsset+.swift */,
			);
			path = Extensions;
			sourceTree = "<group>";
		};
		4B7E09F029CA372C00377AF4 /* Views */ = {
			isa = PBXGroup;
			children = (
				4B7E09E929CA34E400377AF4 /* CustomModifier.swift */,
				4B7E09F329CA376500377AF4 /* CustomViews */,
				4B7E09F229CA375900377AF4 /* Cells */,
				4B7E09F129CA373300377AF4 /* Screens */,
			);
			path = Views;
			sourceTree = "<group>";
		};
		4B7E09F129CA373300377AF4 /* Screens */ = {
			isa = PBXGroup;
			children = (
				4BDD126529CCB932001A0218 /* LocationMapView */,
				4B7E09D429C8F69A00377AF4 /* AppTabView.swift */,
				4B7E09D829C8F70C00377AF4 /* LocationListView.swift */,
				4B7E09E329C9E93800377AF4 /* LocationDetailView.swift */,
				4B7E09DA29C8F71C00377AF4 /* ProfileView.swift */,
			);
			path = Screens;
			sourceTree = "<group>";
		};
		4B7E09F229CA375900377AF4 /* Cells */ = {
			isa = PBXGroup;
			children = (
				4B7E09E529CA327B00377AF4 /* LocationCell.swift */,
			);
			path = Cells;
			sourceTree = "<group>";
		};
		4B7E09F329CA376500377AF4 /* CustomViews */ = {
			isa = PBXGroup;
			children = (
				4B7E09E729CA32A800377AF4 /* AvatarView.swift */,
				4B7E09ED29CA35F300377AF4 /* DDGButton.swift */,
			);
			path = CustomViews;
			sourceTree = "<group>";
		};
		4BDD125529CA51D5001A0218 /* Model */ = {
			isa = PBXGroup;
			children = (
				4BDD125629CA51E1001A0218 /* DDGLocation.swift */,
				4BDD125829CC8830001A0218 /* DDGProfile.swift */,
				4BDD125A29CC89CE001A0218 /* MockData.swift */,
			);
			path = Model;
			sourceTree = "<group>";
		};
		4BDD125C29CC9A72001A0218 /* Utilities */ = {
			isa = PBXGroup;
			children = (
				4BDD126829CCBC3A001A0218 /* Managers */,
				4B7E09EF29CA371600377AF4 /* Extensions */,
				4BDD125F29CC9BBA001A0218 /* Constants.swift */,
				4BDD126329CCB5B1001A0218 /* AlertItem.swift */,
			);
			path = Utilities;
			sourceTree = "<group>";
		};
		4BDD126529CCB932001A0218 /* LocationMapView */ = {
			isa = PBXGroup;
			children = (
				4B7E09D629C8F6F100377AF4 /* LocationMapView.swift */,
				4BDD126629CCB94E001A0218 /* LocationMapViewModel.swift */,
			);
			path = LocationMapView;
			sourceTree = "<group>";
		};
		4BDD126829CCBC3A001A0218 /* Managers */ = {
			isa = PBXGroup;
			children = (
				4BDD125D29CC9AA3001A0218 /* CloudKitManager.swift */,
				4BDD126929CCBC4E001A0218 /* LocationManager.swift */,
			);
			path = Managers;
			sourceTree = "<group>";
		};
/* End PBXGroup section */

/* Begin PBXNativeTarget section */
		4B7E09BF29C8F37B00377AF4 /* DubDubGrub */ = {
			isa = PBXNativeTarget;
			buildConfigurationList = 4B7E09CE29C8F37C00377AF4 /* Build configuration list for PBXNativeTarget "DubDubGrub" */;
			buildPhases = (
				4B7E09BC29C8F37B00377AF4 /* Sources */,
				4B7E09BD29C8F37B00377AF4 /* Frameworks */,
				4B7E09BE29C8F37B00377AF4 /* Resources */,
			);
			buildRules = (
			);
			dependencies = (
			);
			name = DubDubGrub;
			productName = DubDubGrub;
			productReference = 4B7E09C029C8F37B00377AF4 /* DubDubGrub.app */;
			productType = "com.apple.product-type.application";
		};
/* End PBXNativeTarget section */

/* Begin PBXProject section */
		4B7E09B829C8F37B00377AF4 /* Project object */ = {
			isa = PBXProject;
			attributes = {
				BuildIndependentTargetsInParallel = 1;
				LastSwiftUpdateCheck = 1420;
				LastUpgradeCheck = 1420;
				TargetAttributes = {
					4B7E09BF29C8F37B00377AF4 = {
						CreatedOnToolsVersion = 14.2;
					};
				};
			};
			buildConfigurationList = 4B7E09BB29C8F37B00377AF4 /* Build configuration list for PBXProject "DubDubGrub" */;
			compatibilityVersion = "Xcode 14.0";
			developmentRegion = en;
			hasScannedForEncodings = 0;
			knownRegions = (
				en,
				Base,
			);
			mainGroup = 4B7E09B729C8F37B00377AF4;
			productRefGroup = 4B7E09C129C8F37B00377AF4 /* Products */;
			projectDirPath = "";
			projectRoot = "";
			targets = (
				4B7E09BF29C8F37B00377AF4 /* DubDubGrub */,
			);
		};
/* End PBXProject section */

/* Begin PBXResourcesBuildPhase section */
		4B7E09BE29C8F37B00377AF4 /* Resources */ = {
			isa = PBXResourcesBuildPhase;
			buildActionMask = 2147483647;
			files = (
				4B7E09CB29C8F37C00377AF4 /* Preview Assets.xcassets in Resources */,
				4B7E09C829C8F37C00377AF4 /* Assets.xcassets in Resources */,
			);
			runOnlyForDeploymentPostprocessing = 0;
		};
/* End PBXResourcesBuildPhase section */

/* Begin PBXSourcesBuildPhase section */
		4B7E09BC29C8F37B00377AF4 /* Sources */ = {
			isa = PBXSourcesBuildPhase;
			buildActionMask = 2147483647;
			files = (
				4B7E09D329C8F62000377AF4 /* Color+.swift in Sources */,
				4BDD126029CC9BBA001A0218 /* Constants.swift in Sources */,
				4B7E09EA29CA34E400377AF4 /* CustomModifier.swift in Sources */,
				4B7E09D729C8F6F100377AF4 /* LocationMapView.swift in Sources */,
				4BDD126729CCB94E001A0218 /* LocationMapViewModel.swift in Sources */,
				4B7E09D929C8F70C00377AF4 /* LocationListView.swift in Sources */,
				4BDD125B29CC89CE001A0218 /* MockData.swift in Sources */,
				4B7E09E429C9E93800377AF4 /* LocationDetailView.swift in Sources */,
				4BDD125929CC8830001A0218 /* DDGProfile.swift in Sources */,
				4BDD125729CA51E1001A0218 /* DDGLocation.swift in Sources */,
				4B7E09EC29CA351700377AF4 /* View+.swift in Sources */,
				4BDD126229CC9EAE001A0218 /* CKRecord+.swift in Sources */,
				4B7E09D529C8F69A00377AF4 /* AppTabView.swift in Sources */,
				4BDD126429CCB5B1001A0218 /* AlertItem.swift in Sources */,
				4BDD125E29CC9AA3001A0218 /* CloudKitManager.swift in Sources */,
				4B7E09DB29C8F71C00377AF4 /* ProfileView.swift in Sources */,
				4B7E09E629CA327B00377AF4 /* LocationCell.swift in Sources */,
				4BDD126A29CCBC4E001A0218 /* LocationManager.swift in Sources */,
				4BDD126C29CCCB06001A0218 /* CKAsset+.swift in Sources */,
				4B7E09EE29CA35F300377AF4 /* DDGButton.swift in Sources */,
				4B7E09E829CA32A800377AF4 /* AvatarView.swift in Sources */,
				4B7E09C429C8F37B00377AF4 /* DubDubGrubApp.swift in Sources */,
			);
			runOnlyForDeploymentPostprocessing = 0;
		};
/* End PBXSourcesBuildPhase section */

/* Begin XCBuildConfiguration section */
		4B7E09CC29C8F37C00377AF4 /* Debug */ = {
			isa = XCBuildConfiguration;
			buildSettings = {
				ALWAYS_SEARCH_USER_PATHS = NO;
				CLANG_ANALYZER_NONNULL = YES;
				CLANG_ANALYZER_NUMBER_OBJECT_CONVERSION = YES_AGGRESSIVE;
				CLANG_CXX_LANGUAGE_STANDARD = "gnu++20";
				CLANG_ENABLE_MODULES = YES;
				CLANG_ENABLE_OBJC_ARC = YES;
				CLANG_ENABLE_OBJC_WEAK = YES;
				CLANG_WARN_BLOCK_CAPTURE_AUTORELEASING = YES;
				CLANG_WARN_BOOL_CONVERSION = YES;
				CLANG_WARN_COMMA = YES;
				CLANG_WARN_CONSTANT_CONVERSION = YES;
				CLANG_WARN_DEPRECATED_OBJC_IMPLEMENTATIONS = YES;
				CLANG_WARN_DIRECT_OBJC_ISA_USAGE = YES_ERROR;
				CLANG_WARN_DOCUMENTATION_COMMENTS = YES;
				CLANG_WARN_EMPTY_BODY = YES;
				CLANG_WARN_ENUM_CONVERSION = YES;
				CLANG_WARN_INFINITE_RECURSION = YES;
				CLANG_WARN_INT_CONVERSION = YES;
				CLANG_WARN_NON_LITERAL_NULL_CONVERSION = YES;
				CLANG_WARN_OBJC_IMPLICIT_RETAIN_SELF = YES;
				CLANG_WARN_OBJC_LITERAL_CONVERSION = YES;
				CLANG_WARN_OBJC_ROOT_CLASS = YES_ERROR;
				CLANG_WARN_QUOTED_INCLUDE_IN_FRAMEWORK_HEADER = YES;
				CLANG_WARN_RANGE_LOOP_ANALYSIS = YES;
				CLANG_WARN_STRICT_PROTOTYPES = YES;
				CLANG_WARN_SUSPICIOUS_MOVE = YES;
				CLANG_WARN_UNGUARDED_AVAILABILITY = YES_AGGRESSIVE;
				CLANG_WARN_UNREACHABLE_CODE = YES;
				CLANG_WARN__DUPLICATE_METHOD_MATCH = YES;
				COPY_PHASE_STRIP = NO;
				DEBUG_INFORMATION_FORMAT = dwarf;
				ENABLE_STRICT_OBJC_MSGSEND = YES;
				ENABLE_TESTABILITY = YES;
				GCC_C_LANGUAGE_STANDARD = gnu11;
				GCC_DYNAMIC_NO_PIC = NO;
				GCC_NO_COMMON_BLOCKS = YES;
				GCC_OPTIMIZATION_LEVEL = 0;
				GCC_PREPROCESSOR_DEFINITIONS = (
					"DEBUG=1",
					"$(inherited)",
				);
				GCC_WARN_64_TO_32_BIT_CONVERSION = YES;
				GCC_WARN_ABOUT_RETURN_TYPE = YES_ERROR;
				GCC_WARN_UNDECLARED_SELECTOR = YES;
				GCC_WARN_UNINITIALIZED_AUTOS = YES_AGGRESSIVE;
				GCC_WARN_UNUSED_FUNCTION = YES;
				GCC_WARN_UNUSED_VARIABLE = YES;
				IPHONEOS_DEPLOYMENT_TARGET = 16.2;
				MTL_ENABLE_DEBUG_INFO = INCLUDE_SOURCE;
				MTL_FAST_MATH = YES;
				ONLY_ACTIVE_ARCH = YES;
				SDKROOT = iphoneos;
				SWIFT_ACTIVE_COMPILATION_CONDITIONS = DEBUG;
				SWIFT_OPTIMIZATION_LEVEL = "-Onone";
			};
			name = Debug;
		};
		4B7E09CD29C8F37C00377AF4 /* Release */ = {
			isa = XCBuildConfiguration;
			buildSettings = {
				ALWAYS_SEARCH_USER_PATHS = NO;
				CLANG_ANALYZER_NONNULL = YES;
				CLANG_ANALYZER_NUMBER_OBJECT_CONVERSION = YES_AGGRESSIVE;
				CLANG_CXX_LANGUAGE_STANDARD = "gnu++20";
				CLANG_ENABLE_MODULES = YES;
				CLANG_ENABLE_OBJC_ARC = YES;
				CLANG_ENABLE_OBJC_WEAK = YES;
				CLANG_WARN_BLOCK_CAPTURE_AUTORELEASING = YES;
				CLANG_WARN_BOOL_CONVERSION = YES;
				CLANG_WARN_COMMA = YES;
				CLANG_WARN_CONSTANT_CONVERSION = YES;
				CLANG_WARN_DEPRECATED_OBJC_IMPLEMENTATIONS = YES;
				CLANG_WARN_DIRECT_OBJC_ISA_USAGE = YES_ERROR;
				CLANG_WARN_DOCUMENTATION_COMMENTS = YES;
				CLANG_WARN_EMPTY_BODY = YES;
				CLANG_WARN_ENUM_CONVERSION = YES;
				CLANG_WARN_INFINITE_RECURSION = YES;
				CLANG_WARN_INT_CONVERSION = YES;
				CLANG_WARN_NON_LITERAL_NULL_CONVERSION = YES;
				CLANG_WARN_OBJC_IMPLICIT_RETAIN_SELF = YES;
				CLANG_WARN_OBJC_LITERAL_CONVERSION = YES;
				CLANG_WARN_OBJC_ROOT_CLASS = YES_ERROR;
				CLANG_WARN_QUOTED_INCLUDE_IN_FRAMEWORK_HEADER = YES;
				CLANG_WARN_RANGE_LOOP_ANALYSIS = YES;
				CLANG_WARN_STRICT_PROTOTYPES = YES;
				CLANG_WARN_SUSPICIOUS_MOVE = YES;
				CLANG_WARN_UNGUARDED_AVAILABILITY = YES_AGGRESSIVE;
				CLANG_WARN_UNREACHABLE_CODE = YES;
				CLANG_WARN__DUPLICATE_METHOD_MATCH = YES;
				COPY_PHASE_STRIP = NO;
				DEBUG_INFORMATION_FORMAT = "dwarf-with-dsym";
				ENABLE_NS_ASSERTIONS = NO;
				ENABLE_STRICT_OBJC_MSGSEND = YES;
				GCC_C_LANGUAGE_STANDARD = gnu11;
				GCC_NO_COMMON_BLOCKS = YES;
				GCC_WARN_64_TO_32_BIT_CONVERSION = YES;
				GCC_WARN_ABOUT_RETURN_TYPE = YES_ERROR;
				GCC_WARN_UNDECLARED_SELECTOR = YES;
				GCC_WARN_UNINITIALIZED_AUTOS = YES_AGGRESSIVE;
				GCC_WARN_UNUSED_FUNCTION = YES;
				GCC_WARN_UNUSED_VARIABLE = YES;
				IPHONEOS_DEPLOYMENT_TARGET = 16.2;
				MTL_ENABLE_DEBUG_INFO = NO;
				MTL_FAST_MATH = YES;
				SDKROOT = iphoneos;
				SWIFT_COMPILATION_MODE = wholemodule;
				SWIFT_OPTIMIZATION_LEVEL = "-O";
				VALIDATE_PRODUCT = YES;
			};
			name = Release;
		};
		4B7E09CF29C8F37C00377AF4 /* Debug */ = {
			isa = XCBuildConfiguration;
			buildSettings = {
				ASSETCATALOG_COMPILER_APPICON_NAME = AppIcon;
				ASSETCATALOG_COMPILER_GLOBAL_ACCENT_COLOR_NAME = AccentColor;
				CODE_SIGN_ENTITLEMENTS = DubDubGrub/DubDubGrub.entitlements;
				CODE_SIGN_STYLE = Automatic;
				CURRENT_PROJECT_VERSION = 1;
				DEVELOPMENT_ASSET_PATHS = "\"DubDubGrub/Preview Content\"";
				DEVELOPMENT_TEAM = NCT5DLQUJC;
				ENABLE_PREVIEWS = YES;
				GENERATE_INFOPLIST_FILE = YES;
				INFOPLIST_KEY_UIApplicationSceneManifest_Generation = YES;
				INFOPLIST_KEY_UIApplicationSupportsIndirectInputEvents = YES;
				INFOPLIST_KEY_UILaunchScreen_Generation = YES;
				INFOPLIST_KEY_UISupportedInterfaceOrientations_iPad = "UIInterfaceOrientationPortrait UIInterfaceOrientationPortraitUpsideDown UIInterfaceOrientationLandscapeLeft UIInterfaceOrientationLandscapeRight";
				INFOPLIST_KEY_UISupportedInterfaceOrientations_iPhone = "UIInterfaceOrientationPortrait UIInterfaceOrientationLandscapeLeft UIInterfaceOrientationLandscapeRight";
				LD_RUNPATH_SEARCH_PATHS = (
					"$(inherited)",
					"@executable_path/Frameworks",
				);
				MARKETING_VERSION = 1.0;
				PRODUCT_BUNDLE_IDENTIFIER = me.alobaili.DubDubGrub;
				PRODUCT_NAME = "$(TARGET_NAME)";
				SWIFT_EMIT_LOC_STRINGS = YES;
				SWIFT_VERSION = 5.0;
				TARGETED_DEVICE_FAMILY = "1,2";
			};
			name = Debug;
		};
		4B7E09D029C8F37C00377AF4 /* Release */ = {
			isa = XCBuildConfiguration;
			buildSettings = {
				ASSETCATALOG_COMPILER_APPICON_NAME = AppIcon;
				ASSETCATALOG_COMPILER_GLOBAL_ACCENT_COLOR_NAME = AccentColor;
				CODE_SIGN_ENTITLEMENTS = DubDubGrub/DubDubGrub.entitlements;
				CODE_SIGN_STYLE = Automatic;
				CURRENT_PROJECT_VERSION = 1;
				DEVELOPMENT_ASSET_PATHS = "\"DubDubGrub/Preview Content\"";
				DEVELOPMENT_TEAM = NCT5DLQUJC;
				ENABLE_PREVIEWS = YES;
				GENERATE_INFOPLIST_FILE = YES;
				INFOPLIST_KEY_UIApplicationSceneManifest_Generation = YES;
				INFOPLIST_KEY_UIApplicationSupportsIndirectInputEvents = YES;
				INFOPLIST_KEY_UILaunchScreen_Generation = YES;
				INFOPLIST_KEY_UISupportedInterfaceOrientations_iPad = "UIInterfaceOrientationPortrait UIInterfaceOrientationPortraitUpsideDown UIInterfaceOrientationLandscapeLeft UIInterfaceOrientationLandscapeRight";
				INFOPLIST_KEY_UISupportedInterfaceOrientations_iPhone = "UIInterfaceOrientationPortrait UIInterfaceOrientationLandscapeLeft UIInterfaceOrientationLandscapeRight";
				LD_RUNPATH_SEARCH_PATHS = (
					"$(inherited)",
					"@executable_path/Frameworks",
				);
				MARKETING_VERSION = 1.0;
				PRODUCT_BUNDLE_IDENTIFIER = me.alobaili.DubDubGrub;
				PRODUCT_NAME = "$(TARGET_NAME)";
				SWIFT_EMIT_LOC_STRINGS = YES;
				SWIFT_VERSION = 5.0;
				TARGETED_DEVICE_FAMILY = "1,2";
			};
			name = Release;
		};
/* End XCBuildConfiguration section */

/* Begin XCConfigurationList section */
		4B7E09BB29C8F37B00377AF4 /* Build configuration list for PBXProject "DubDubGrub" */ = {
			isa = XCConfigurationList;
			buildConfigurations = (
				4B7E09CC29C8F37C00377AF4 /* Debug */,
				4B7E09CD29C8F37C00377AF4 /* Release */,
			);
			defaultConfigurationIsVisible = 0;
			defaultConfigurationName = Release;
		};
		4B7E09CE29C8F37C00377AF4 /* Build configuration list for PBXNativeTarget "DubDubGrub" */ = {
			isa = XCConfigurationList;
			buildConfigurations = (
				4B7E09CF29C8F37C00377AF4 /* Debug */,
				4B7E09D029C8F37C00377AF4 /* Release */,
			);
			defaultConfigurationIsVisible = 0;
			defaultConfigurationName = Release;
		};
/* End XCConfigurationList section */
	};
	rootObject = 4B7E09B829C8F37B00377AF4 /* Project object */;
}
